<?xml version="1.0" encoding="utf-8"?>
<Project ToolsVersion="4.0" xmlns="http://schemas.microsoft.com/developer/msbuild/2003">
  <ItemGroup>
    <Filter Include="Project Files">
      <UniqueIdentifier>{93995380-89BD-4b04-88EB-625FBE52EBFB}</UniqueIdentifier>
      <Extensions>h;hpp;hxx;hm;inl;inc;xsd</Extensions>
    </Filter>
    <Filter Include="Project Files\Engine">
      <UniqueIdentifier>{a41170d7-0d60-49cc-a8b4-cb84c0f76e42}</UniqueIdentifier>
    </Filter>
    <Filter Include="Project Files\Game">
      <UniqueIdentifier>{74c52e02-7d33-4c57-bb6c-9ac835164354}</UniqueIdentifier>
    </Filter>
    <Filter Include="Project Files\Engine\Win32">
      <UniqueIdentifier>{40c12e3b-7645-4a80-91e5-5d62d7f4cf2a}</UniqueIdentifier>
    </Filter>
    <Filter Include="Project Files\Engine\Win32\Win32 Window">
      <UniqueIdentifier>{7b98b516-bf3e-43b1-ad77-4cc23fa75192}</UniqueIdentifier>
    </Filter>
    <Filter Include="Project Files\Engine\Win32\Win32 Input">
      <UniqueIdentifier>{4586694a-d53d-465d-85fb-e46ae4d3f692}</UniqueIdentifier>
    </Filter>
    <Filter Include="Project Files\Engine\Win32\Win32 Input\Keyboard">
      <UniqueIdentifier>{03751759-0284-4a69-88de-7ee3998c3dbf}</UniqueIdentifier>
    </Filter>
    <Filter Include="Project Files\Engine\Win32\Win32 Input\Mouse">
      <UniqueIdentifier>{6d59830d-2ce5-4f5b-afe4-82b753edf92a}</UniqueIdentifier>
    </Filter>
    <Filter Include="Project Files\Engine\Win32\Win32 Header">
      <UniqueIdentifier>{0b6fc74a-2157-48ad-b944-636ae404a607}</UniqueIdentifier>
    </Filter>
    <Filter Include="Project Files\Engine\Win32\Win32 Timer">
      <UniqueIdentifier>{3c3b4941-5c6c-4754-8fcc-ea9ab1d24782}</UniqueIdentifier>
    </Filter>
    <Filter Include="Project Files\Engine\Physics">
      <UniqueIdentifier>{f9b39484-c2d7-4d8e-a405-4207f51a0fda}</UniqueIdentifier>
    </Filter>
    <Filter Include="Project Files\Engine\Physics\Surface">
      <UniqueIdentifier>{fdea934c-64d0-4261-af2c-1a3cd1879c55}</UniqueIdentifier>
    </Filter>
    <Filter Include="Project Files\Engine\Physics\Surface Builder">
      <UniqueIdentifier>{6ec5a56c-efbf-45af-a38d-d9823bc4387e}</UniqueIdentifier>
    </Filter>
    <Filter Include="Project Files\Engine\Physics\Sub Surface">
      <UniqueIdentifier>{cae5b3bc-4ee7-4a66-a32c-fdfdfd26b676}</UniqueIdentifier>
    </Filter>
    <Filter Include="Project Files\Engine\Audio">
      <UniqueIdentifier>{d79ad39e-9225-4a76-9227-60dd64ba72d3}</UniqueIdentifier>
    </Filter>
    <Filter Include="Project Files\Engine\Audio\Audio Node">
      <UniqueIdentifier>{396d9447-66ba-44bb-af5b-6354d30be064}</UniqueIdentifier>
    </Filter>
    <Filter Include="Project Files\Engine\Audio\Audio Source">
      <UniqueIdentifier>{df7c112d-2b44-4137-9255-b4cd005cfa4f}</UniqueIdentifier>
    </Filter>
    <Filter Include="Project Files\Engine\Audio\Audio Controller">
      <UniqueIdentifier>{c13fb484-2e9f-4bfe-91b1-13c55291ab8d}</UniqueIdentifier>
    </Filter>
    <Filter Include="Project Files\Engine\Audio\Audio Object">
      <UniqueIdentifier>{78375420-06f2-4dae-8153-f927020eb97d}</UniqueIdentifier>
    </Filter>
    <Filter Include="Project Files\Engine\Graphics">
      <UniqueIdentifier>{91d2822f-c08b-4ca4-aeb0-5fb75ae8b3d8}</UniqueIdentifier>
    </Filter>
    <Filter Include="Project Files\Engine\Graphics\OpenGL Objects">
      <UniqueIdentifier>{31ff41c2-67c1-4469-b8e8-f5b8fc3bf48e}</UniqueIdentifier>
    </Filter>
    <Filter Include="Project Files\Engine\Graphics\OpenGL Renderer">
      <UniqueIdentifier>{8150ed70-769b-4013-a5d5-f1e6b95b4342}</UniqueIdentifier>
    </Filter>
    <Filter Include="Project Files\Engine\Graphics\OpenGL Camera">
      <UniqueIdentifier>{c03128dd-334d-4ca8-8c89-f2d2535c40d4}</UniqueIdentifier>
    </Filter>
    <Filter Include="Project Files\Engine\Graphics\OpenGL Camera\First Person">
      <UniqueIdentifier>{22eb76dd-3b51-4d8a-9177-f6cda7c5612c}</UniqueIdentifier>
    </Filter>
    <Filter Include="Project Files\Engine\Graphics\OpenGL Camera\Third Person">
      <UniqueIdentifier>{c2aa7f53-c1a1-4a03-8dc6-286cb80f2805}</UniqueIdentifier>
    </Filter>
    <Filter Include="Project Files\Engine\Graphics\OpenGL Camera\Free Camera">
      <UniqueIdentifier>{e4cbbdc2-6e02-4ca8-896d-1052970687a0}</UniqueIdentifier>
    </Filter>
    <Filter Include="Project Files\Game\Demo Level">
      <UniqueIdentifier>{96408c7f-3a76-4e99-b629-9350d9e63d23}</UniqueIdentifier>
    </Filter>
    <Filter Include="Project Files\Game\Demo Menu">
      <UniqueIdentifier>{a7a2ffad-94d6-4d33-8295-dc2642d0f060}</UniqueIdentifier>
    </Filter>
    <Filter Include="Project Files\Game\Demo Options">
      <UniqueIdentifier>{150c9447-f795-4cd9-8cd9-c697c4ae03b2}</UniqueIdentifier>
    </Filter>
    <Filter Include="Project Files\Engine\Graphics\OpenGL Objects\GL_Matrix">
      <UniqueIdentifier>{74783b14-794d-424c-bff2-529a4c36f995}</UniqueIdentifier>
    </Filter>
    <Filter Include="Project Files\Engine\Graphics\OpenGL Objects\GL_Program">
      <UniqueIdentifier>{85571484-ae4e-4c6f-93a0-7162c855e999}</UniqueIdentifier>
    </Filter>
    <Filter Include="Project Files\Engine\Graphics\OpenGL Objects\GL_Button">
      <UniqueIdentifier>{4d8502aa-b334-4d07-85ce-e515362810bd}</UniqueIdentifier>
    </Filter>
    <Filter Include="Project Files\Engine\Graphics\OpenGL Objects\GL_Heightmap">
      <UniqueIdentifier>{598d1b18-8a26-4ac1-87f5-77aaa679a7f7}</UniqueIdentifier>
    </Filter>
    <Filter Include="Project Files\Engine\Graphics\OpenGL Objects\GL_Heightmap\GL_HeightmapOverlay">
      <UniqueIdentifier>{c784ea66-152f-4621-b005-0b9eac02d1da}</UniqueIdentifier>
    </Filter>
    <Filter Include="Project Files\Engine\Graphics\OpenGL Objects\GL_String">
      <UniqueIdentifier>{d0f2b9f9-940a-40c2-9eeb-53bdf74bf687}</UniqueIdentifier>
    </Filter>
    <Filter Include="Project Files\Engine\Graphics\OpenGL Objects\GL_Minimap">
      <UniqueIdentifier>{3bab5e72-97de-426c-aaa8-a65c72dba49e}</UniqueIdentifier>
    </Filter>
    <Filter Include="Project Files\Engine\Graphics\OpenGL Objects\GL_FX">
      <UniqueIdentifier>{da0ef254-1a20-424c-bca0-46c800cf980b}</UniqueIdentifier>
    </Filter>
    <Filter Include="Project Files\Engine\Graphics\OpenGL Objects\GL_Skybox">
      <UniqueIdentifier>{eed1b324-be83-4727-98a9-82568b503ae4}</UniqueIdentifier>
    </Filter>
    <Filter Include="Project Files\Engine\Graphics\OpenGL Objects\GL_Texture">
      <UniqueIdentifier>{a8449133-04fc-4ac1-8428-59f6a9790718}</UniqueIdentifier>
    </Filter>
    <Filter Include="Project Files\Engine\Graphics\OpenGL Objects\GL_Model">
      <UniqueIdentifier>{511794ae-1869-4bf8-8aa1-8a58e22b619c}</UniqueIdentifier>
    </Filter>
    <Filter Include="Project Files\Engine\Graphics\OpenGL Objects\GL_Model\GL_Static Model">
      <UniqueIdentifier>{9e0560c8-d797-431c-b9a7-9d49059bea94}</UniqueIdentifier>
    </Filter>
    <Filter Include="Project Files\Engine\Graphics\OpenGL Objects\GL_Model\GL_Dynamic Model">
      <UniqueIdentifier>{bb7278c1-d529-4c03-bac3-30bf90d0ea61}</UniqueIdentifier>
    </Filter>
    <Filter Include="Project Files\Engine\Managers">
      <UniqueIdentifier>{c4b57da0-a618-451d-a962-56e92f5154d0}</UniqueIdentifier>
    </Filter>
    <Filter Include="Project Files\Engine\Managers\Texture_Manager">
      <UniqueIdentifier>{70e005d2-0205-40aa-92c3-a9c5e568b01d}</UniqueIdentifier>
    </Filter>
    <Filter Include="Project Files\Engine\Managers\Shader_Manager">
      <UniqueIdentifier>{cfd5ccd7-aab6-410f-84f3-bf4096ad59ab}</UniqueIdentifier>
    </Filter>
    <Filter Include="Project Files\Engine\Managers\Surface Manager">
      <UniqueIdentifier>{9046698d-6c83-4f44-81ce-990c0bc5db46}</UniqueIdentifier>
    </Filter>
    <Filter Include="Project Files\Engine\Managers\Scene Manager">
      <UniqueIdentifier>{ac88bf9b-aa3c-4244-bb09-614fef63ea38}</UniqueIdentifier>
    </Filter>
    <Filter Include="Project Files\Game\Demo Class">
      <UniqueIdentifier>{609714db-830b-497b-9d3e-0bafe30710f1}</UniqueIdentifier>
    </Filter>
  </ItemGroup>
  <ItemGroup>
    <ClCompile Include="Win32System.cpp">
      <Filter>Project Files\Engine\Win32</Filter>
    </ClCompile>
    <ClCompile Include="GL_Program.cpp">
      <Filter>Project Files\Engine\Graphics\OpenGL Objects\GL_Program</Filter>
    </ClCompile>
    <ClCompile Include="GL_Matrix.cpp">
      <Filter>Project Files\Engine\Graphics\OpenGL Objects\GL_Matrix</Filter>
    </ClCompile>
    <ClCompile Include="Win32Window.cpp">
      <Filter>Project Files\Engine\Win32\Win32 Window</Filter>
    </ClCompile>
    <ClCompile Include="Win32Timer.cpp">
      <Filter>Project Files\Engine\Win32\Win32 Timer</Filter>
    </ClCompile>
    <ClCompile Include="Win32Driver.cpp">
      <Filter>Project Files\Engine\Win32\Win32 Input</Filter>
    </ClCompile>
    <ClCompile Include="Win32Keyboard.cpp">
      <Filter>Project Files\Engine\Win32\Win32 Input\Keyboard</Filter>
    </ClCompile>
    <ClCompile Include="Win32Mouse.cpp">
      <Filter>Project Files\Engine\Win32\Win32 Input\Mouse</Filter>
    </ClCompile>
    <ClCompile Include="GL_Texture_Manager.cpp">
      <Filter>Project Files\Engine\Managers\Texture_Manager</Filter>
    </ClCompile>
    <ClCompile Include="GL_Texture.cpp">
      <Filter>Project Files\Engine\Graphics\OpenGL Objects\GL_Texture</Filter>
    </ClCompile>
    <ClCompile Include="GL_Skybox.cpp">
      <Filter>Project Files\Engine\Graphics\OpenGL Objects\GL_Skybox</Filter>
    </ClCompile>
    <ClCompile Include="GL_Heightmap.cpp">
      <Filter>Project Files\Engine\Graphics\OpenGL Objects\GL_Heightmap</Filter>
    </ClCompile>
    <ClCompile Include="GL_Text.cpp">
      <Filter>Project Files\Engine\Graphics\OpenGL Objects\GL_String</Filter>
    </ClCompile>
    <ClCompile Include="GL_Renderer.cpp">
      <Filter>Project Files\Engine\Graphics\OpenGL Renderer</Filter>
    </ClCompile>
    <ClCompile Include="GL_MapOverlay.cpp">
      <Filter>Project Files\Engine\Graphics\OpenGL Objects\GL_Heightmap\GL_HeightmapOverlay</Filter>
    </ClCompile>
    <ClCompile Include="GL_Shader_Manager.cpp">
      <Filter>Project Files\Engine\Managers\Shader_Manager</Filter>
    </ClCompile>
    <ClCompile Include="GL_PostProcessor.cpp">
      <Filter>Project Files\Engine\Graphics\OpenGL Objects\GL_FX</Filter>
    </ClCompile>
    <ClCompile Include="Surface.cpp">
      <Filter>Project Files\Engine\Physics\Surface</Filter>
    </ClCompile>
    <ClCompile Include="SurfaceBuilder.cpp">
      <Filter>Project Files\Engine\Physics\Surface Builder</Filter>
    </ClCompile>
    <ClCompile Include="SurfaceManager.cpp">
      <Filter>Project Files\Engine\Managers\Surface Manager</Filter>
    </ClCompile>
    <ClCompile Include="SubSurface.cpp">
      <Filter>Project Files\Engine\Physics\Sub Surface</Filter>
    </ClCompile>
    <ClCompile Include="DemoScene.cpp">
      <Filter>Project Files\Game\Demo Level</Filter>
    </ClCompile>
    <ClCompile Include="DemoMenu.cpp">
      <Filter>Project Files\Game\Demo Menu</Filter>
    </ClCompile>
    <ClCompile Include="GL_Minimap.cpp">
      <Filter>Project Files\Engine\Graphics\OpenGL Objects\GL_Minimap</Filter>
    </ClCompile>
    <ClCompile Include="DynamicModel.cpp">
      <Filter>Project Files\Engine\Graphics\OpenGL Objects\GL_Model\GL_Dynamic Model</Filter>
    </ClCompile>
    <ClCompile Include="StaticModel.cpp">
      <Filter>Project Files\Engine\Graphics\OpenGL Objects\GL_Model\GL_Static Model</Filter>
    </ClCompile>
    <ClCompile Include="FreeCamera.cpp">
      <Filter>Project Files\Engine\Graphics\OpenGL Camera\Free Camera</Filter>
    </ClCompile>
    <ClCompile Include="ThirdPersonCamera.cpp">
      <Filter>Project Files\Engine\Graphics\OpenGL Camera\Third Person</Filter>
    </ClCompile>
    <ClCompile Include="FirstPersonCamera.cpp">
      <Filter>Project Files\Engine\Graphics\OpenGL Camera\First Person</Filter>
    </ClCompile>
    <ClCompile Include="AudioPlayer.cpp">
      <Filter>Project Files\Engine\Audio\Audio Controller</Filter>
    </ClCompile>
    <ClCompile Include="Demo.cpp">
      <Filter>Project Files\Game\Demo Class</Filter>
    </ClCompile>
    <ClCompile Include="Main.cpp">
      <Filter>Project Files\Game</Filter>
    </ClCompile>
    <ClCompile Include="AudioObject.cpp">
      <Filter>Project Files\Engine\Audio\Audio Object</Filter>
    </ClCompile>
    <ClCompile Include="AudioSource.cpp">
      <Filter>Project Files\Engine\Audio\Audio Source</Filter>
    </ClCompile>
    <ClCompile Include="AudioNode.cpp">
      <Filter>Project Files\Engine\Audio\Audio Node</Filter>
    </ClCompile>
    <ClCompile Include="Button.cpp">
      <Filter>Project Files\Engine\Graphics\OpenGL Objects\GL_Button</Filter>
    </ClCompile>
    <ClCompile Include="SceneManager.cpp">
      <Filter>Project Files\Engine\Managers\Scene Manager</Filter>
    </ClCompile>
    <ClCompile Include="DemoOptions.cpp">
      <Filter>Project Files\Game\Demo Options</Filter>
    </ClCompile>
  </ItemGroup>
  <ItemGroup>
    <ClInclude Include="Win32System.h">
      <Filter>Project Files\Engine\Win32</Filter>
    </ClInclude>
    <ClInclude Include="GL_Program.h">
      <Filter>Project Files\Engine\Graphics\OpenGL Objects\GL_Program</Filter>
    </ClInclude>
    <ClInclude Include="GL_Matrix.h">
      <Filter>Project Files\Engine\Graphics\OpenGL Objects\GL_Matrix</Filter>
    </ClInclude>
    <ClInclude Include="Win32Window.h">
      <Filter>Project Files\Engine\Win32\Win32 Window</Filter>
    </ClInclude>
    <ClInclude Include="Win32Header.h">
      <Filter>Project Files\Engine\Win32\Win32 Header</Filter>
    </ClInclude>
    <ClInclude Include="Win32Timer.h">
      <Filter>Project Files\Engine\Win32\Win32 Timer</Filter>
    </ClInclude>
    <ClInclude Include="Win32Driver.h">
      <Filter>Project Files\Engine\Win32\Win32 Input</Filter>
    </ClInclude>
    <ClInclude Include="Win32Keyboard.h">
      <Filter>Project Files\Engine\Win32\Win32 Input\Keyboard</Filter>
    </ClInclude>
    <ClInclude Include="Win32Mouse.h">
      <Filter>Project Files\Engine\Win32\Win32 Input\Mouse</Filter>
    </ClInclude>
    <ClInclude Include="Win32Codes.h">
      <Filter>Project Files\Engine\Win32\Win32 Header</Filter>
    </ClInclude>
    <ClInclude Include="GL_Texture_Manager.h">
      <Filter>Project Files\Engine\Managers\Texture_Manager</Filter>
    </ClInclude>
    <ClInclude Include="GL_Texture.h">
      <Filter>Project Files\Engine\Graphics\OpenGL Objects\GL_Texture</Filter>
    </ClInclude>
    <ClInclude Include="GL_Skybox.h">
      <Filter>Project Files\Engine\Graphics\OpenGL Objects\GL_Skybox</Filter>
    </ClInclude>
    <ClInclude Include="GL_Heightmap.h">
      <Filter>Project Files\Engine\Graphics\OpenGL Objects\GL_Heightmap</Filter>
    </ClInclude>
    <ClInclude Include="GL_Text.h">
      <Filter>Project Files\Engine\Graphics\OpenGL Objects\GL_String</Filter>
    </ClInclude>
    <ClInclude Include="GL_Renderer.h">
      <Filter>Project Files\Engine\Graphics\OpenGL Renderer</Filter>
    </ClInclude>
    <ClInclude Include="GL_MapOverlay.h">
      <Filter>Project Files\Engine\Graphics\OpenGL Objects\GL_Heightmap\GL_HeightmapOverlay</Filter>
    </ClInclude>
    <ClInclude Include="GL_Shader_Manager.h">
      <Filter>Project Files\Engine\Managers\Shader_Manager</Filter>
    </ClInclude>
    <ClInclude Include="GL_PostProcessor.h">
      <Filter>Project Files\Engine\Graphics\OpenGL Objects\GL_FX</Filter>
    </ClInclude>
    <ClInclude Include="Surface.h">
      <Filter>Project Files\Engine\Physics\Surface</Filter>
    </ClInclude>
    <ClInclude Include="SurfaceManager.h">
      <Filter>Project Files\Engine\Managers\Surface Manager</Filter>
    </ClInclude>
    <ClInclude Include="SurfaceBuilder.h">
      <Filter>Project Files\Engine\Physics\Surface Builder</Filter>
    </ClInclude>
    <ClInclude Include="SubSurface.h">
      <Filter>Project Files\Engine\Physics\Sub Surface</Filter>
    </ClInclude>
    <ClInclude Include="DemoMenu.h">
      <Filter>Project Files\Game\Demo Menu</Filter>
    </ClInclude>
    <ClInclude Include="GL_Header.h">
      <Filter>Project Files\Engine\Graphics</Filter>
    </ClInclude>
    <ClInclude Include="GL_Minimap.h">
      <Filter>Project Files\Engine\Graphics\OpenGL Objects\GL_Minimap</Filter>
    </ClInclude>
    <ClInclude Include="DynamicModel.h">
      <Filter>Project Files\Engine\Graphics\OpenGL Objects\GL_Model\GL_Dynamic Model</Filter>
    </ClInclude>
    <ClInclude Include="StaticModel.h">
      <Filter>Project Files\Engine\Graphics\OpenGL Objects\GL_Model\GL_Static Model</Filter>
    </ClInclude>
    <ClInclude Include="FreeCamera.h">
      <Filter>Project Files\Engine\Graphics\OpenGL Camera\Free Camera</Filter>
    </ClInclude>
    <ClInclude Include="ThirdPersonCamera.h">
      <Filter>Project Files\Engine\Graphics\OpenGL Camera\Third Person</Filter>
    </ClInclude>
    <ClInclude Include="FirstPersonCamera.h">
      <Filter>Project Files\Engine\Graphics\OpenGL Camera\First Person</Filter>
    </ClInclude>
    <ClInclude Include="AudioPlayer.h">
      <Filter>Project Files\Engine\Audio\Audio Controller</Filter>
    </ClInclude>
    <ClInclude Include="Demo.h">
      <Filter>Project Files\Game\Demo Class</Filter>
    </ClInclude>
    <ClInclude Include="ICamera.h">
      <Filter>Project Files\Engine\Graphics\OpenGL Camera</Filter>
    </ClInclude>
    <ClInclude Include="AudioObject.h">
      <Filter>Project Files\Engine\Audio\Audio Object</Filter>
    </ClInclude>
    <ClInclude Include="AudioSource.h">
      <Filter>Project Files\Engine\Audio\Audio Source</Filter>
    </ClInclude>
    <ClInclude Include="AudioNode.h">
      <Filter>Project Files\Engine\Audio\Audio Node</Filter>
    </ClInclude>
    <ClInclude Include="Button.h">
      <Filter>Project Files\Engine\Graphics\OpenGL Objects\GL_Button</Filter>
    </ClInclude>
    <ClInclude Include="IModel.h">
      <Filter>Project Files\Engine\Graphics\OpenGL Objects\GL_Model</Filter>
    </ClInclude>
    <ClInclude Include="SceneManager.h">
      <Filter>Project Files\Engine\Managers\Scene Manager</Filter>
    </ClInclude>
    <ClInclude Include="DemoOptions.h">
      <Filter>Project Files\Game\Demo Options</Filter>
    </ClInclude>
    <ClInclude Include="DemoScene.h">
      <Filter>Project Files\Game\Demo Level</Filter>
    </ClInclude>
  </ItemGroup>
</Project>