<?xml version="1.0" encoding="utf-8"?>
<Project ToolsVersion="4.0" xmlns="http://schemas.microsoft.com/developer/msbuild/2003">
  <ItemGroup>
    <Filter Include="Game">
      <UniqueIdentifier>{74c52e02-7d33-4c57-bb6c-9ac835164354}</UniqueIdentifier>
    </Filter>
    <Filter Include="Framework">
      <UniqueIdentifier>{a41170d7-0d60-49cc-a8b4-cb84c0f76e42}</UniqueIdentifier>
    </Filter>
  </ItemGroup>
  <ItemGroup>
    <ClCompile Include="Main.cpp">
      <Filter>Game</Filter>
    </ClCompile>
    <ClCompile Include="Demo.cpp">
      <Filter>Game</Filter>
    </ClCompile>
    <ClCompile Include="DemoScene.cpp">
      <Filter>Game</Filter>
    </ClCompile>
    <ClCompile Include="DemoMenu.cpp">
      <Filter>Game</Filter>
    </ClCompile>
    <ClCompile Include="DemoOptions.cpp">
      <Filter>Game</Filter>
    </ClCompile>
    <ClCompile Include="Win32Window.cpp">
      <Filter>Framework</Filter>
    </ClCompile>
    <ClCompile Include="Win32Timer.cpp">
      <Filter>Framework</Filter>
    </ClCompile>
    <ClCompile Include="Win32Driver.cpp">
      <Filter>Framework</Filter>
    </ClCompile>
    <ClCompile Include="Win32Mouse.cpp">
      <Filter>Framework</Filter>
    </ClCompile>
    <ClCompile Include="Win32Keyboard.cpp">
      <Filter>Framework</Filter>
    </ClCompile>
    <ClCompile Include="Win32System.cpp">
      <Filter>Framework</Filter>
    </ClCompile>
    <ClCompile Include="AudioNode.cpp">
      <Filter>Framework</Filter>
    </ClCompile>
    <ClCompile Include="AudioObject.cpp">
      <Filter>Framework</Filter>
    </ClCompile>
    <ClCompile Include="AudioPlayer.cpp">
      <Filter>Framework</Filter>
    </ClCompile>
    <ClCompile Include="AudioSource.cpp">
      <Filter>Framework</Filter>
    </ClCompile>
    <ClCompile Include="Button.cpp">
      <Filter>Framework</Filter>
    </ClCompile>
    <ClCompile Include="TextureManagerGL.cpp">
      <Filter>Framework</Filter>
    </ClCompile>
    <ClCompile Include="ThirdPersonCamera.cpp">
      <Filter>Framework</Filter>
    </ClCompile>
    <ClCompile Include="SubSurface.cpp">
      <Filter>Framework</Filter>
    </ClCompile>
    <ClCompile Include="Surface.cpp">
      <Filter>Framework</Filter>
    </ClCompile>
    <ClCompile Include="SurfaceBuilder.cpp">
      <Filter>Framework</Filter>
    </ClCompile>
    <ClCompile Include="SurfaceManager.cpp">
      <Filter>Framework</Filter>
    </ClCompile>
    <ClCompile Include="SceneManager.cpp">
      <Filter>Framework</Filter>
    </ClCompile>
    <ClCompile Include="ShaderManagerGL.cpp">
      <Filter>Framework</Filter>
    </ClCompile>
    <ClCompile Include="TextureGL.cpp">
      <Filter>Framework</Filter>
    </ClCompile>
    <ClCompile Include="TextGL.cpp">
      <Filter>Framework</Filter>
    </ClCompile>
    <ClCompile Include="StaticModel.cpp">
      <Filter>Framework</Filter>
    </ClCompile>
    <ClCompile Include="DynamicModel.cpp">
      <Filter>Framework</Filter>
    </ClCompile>
    <ClCompile Include="SkyboxGL.cpp">
      <Filter>Framework</Filter>
    </ClCompile>
    <ClCompile Include="ProgramGL.cpp">
      <Filter>Framework</Filter>
    </ClCompile>
    <ClCompile Include="PostProcessorGL.cpp">
      <Filter>Framework</Filter>
    </ClCompile>
    <ClCompile Include="MapOverlayGL.cpp">
      <Filter>Framework</Filter>
    </ClCompile>
    <ClCompile Include="MatrixGL.cpp">
      <Filter>Framework</Filter>
    </ClCompile>
    <ClCompile Include="HeightmapGL.cpp">
      <Filter>Framework</Filter>
    </ClCompile>
    <ClCompile Include="MinimapGL.cpp">
      <Filter>Framework</Filter>
    </ClCompile>
    <ClCompile Include="RendererGL.cpp">
      <Filter>Framework</Filter>
    </ClCompile>
  </ItemGroup>
  <ItemGroup>
    <ClInclude Include="Demo.h">
      <Filter>Game</Filter>
    </ClInclude>
    <ClInclude Include="DemoScene.h">
      <Filter>Game</Filter>
    </ClInclude>
    <ClInclude Include="DemoMenu.h">
      <Filter>Game</Filter>
    </ClInclude>
    <ClInclude Include="DemoOptions.h">
      <Filter>Game</Filter>
    </ClInclude>
    <ClInclude Include="Win32Window.h">
      <Filter>Framework</Filter>
    </ClInclude>
    <ClInclude Include="Win32Timer.h">
      <Filter>Framework</Filter>
    </ClInclude>
    <ClInclude Include="Win32Driver.h">
      <Filter>Framework</Filter>
    </ClInclude>
    <ClInclude Include="Win32Mouse.h">
      <Filter>Framework</Filter>
    </ClInclude>
    <ClInclude Include="Win32Keyboard.h">
      <Filter>Framework</Filter>
    </ClInclude>
    <ClInclude Include="Win32Header.h">
      <Filter>Framework</Filter>
    </ClInclude>
    <ClInclude Include="Win32Codes.h">
      <Filter>Framework</Filter>
    </ClInclude>
    <ClInclude Include="Win32System.h">
      <Filter>Framework</Filter>
    </ClInclude>
    <ClInclude Include="Button.h">
      <Filter>Framework</Filter>
    </ClInclude>
    <ClInclude Include="AudioNode.h">
      <Filter>Framework</Filter>
    </ClInclude>
    <ClInclude Include="AudioObject.h">
      <Filter>Framework</Filter>
    </ClInclude>
    <ClInclude Include="AudioPlayer.h">
      <Filter>Framework</Filter>
    </ClInclude>
    <ClInclude Include="AudioSource.h">
      <Filter>Framework</Filter>
    </ClInclude>
    <ClInclude Include="ThirdPersonCamera.h">
      <Filter>Framework</Filter>
    </ClInclude>
    <ClInclude Include="TextureManagerGL.h">
      <Filter>Framework</Filter>
    </ClInclude>
    <ClInclude Include="MajorInclude.h">
      <Filter>Framework</Filter>
    </ClInclude>
    <ClInclude Include="Camera.h">
      <Filter>Framework</Filter>
    </ClInclude>
    <ClInclude Include="Model.h">
      <Filter>Framework</Filter>
    </ClInclude>
    <ClInclude Include="SubSurface.h">
      <Filter>Framework</Filter>
    </ClInclude>
    <ClInclude Include="Surface.h">
      <Filter>Framework</Filter>
    </ClInclude>
    <ClInclude Include="SurfaceBuilder.h">
      <Filter>Framework</Filter>
    </ClInclude>
    <ClInclude Include="SurfaceManager.h">
      <Filter>Framework</Filter>
    </ClInclude>
    <ClInclude Include="SceneManager.h">
      <Filter>Framework</Filter>
    </ClInclude>
    <ClInclude Include="ShaderManagerGL.h">
      <Filter>Framework</Filter>
    </ClInclude>
    <ClInclude Include="TextureGL.h">
      <Filter>Framework</Filter>
    </ClInclude>
    <ClInclude Include="TextGL.h">
      <Filter>Framework</Filter>
    </ClInclude>
    <ClInclude Include="StaticModel.h">
      <Filter>Framework</Filter>
    </ClInclude>
    <ClInclude Include="DynamicModel.h">
      <Filter>Framework</Filter>
    </ClInclude>
    <ClInclude Include="SkyboxGL.h">
      <Filter>Framework</Filter>
    </ClInclude>
    <ClInclude Include="ProgramGL.h">
      <Filter>Framework</Filter>
    </ClInclude>
    <ClInclude Include="PostProcessorGL.h">
      <Filter>Framework</Filter>
    </ClInclude>
    <ClInclude Include="MapOverlayGL.h">
      <Filter>Framework</Filter>
    </ClInclude>
    <ClInclude Include="MatrixGL.h">
      <Filter>Framework</Filter>
    </ClInclude>
    <ClInclude Include="MinimapGL.h">
      <Filter>Framework</Filter>
    </ClInclude>
    <ClInclude Include="HeightmapGL.h">
      <Filter>Framework</Filter>
    </ClInclude>
    <ClInclude Include="RendererGL.h">
      <Filter>Framework</Filter>
    </ClInclude>
  </ItemGroup>
</Project>